
Microsoft Visual Studio Solution File, Format Version 12.00
# Visual Studio Version 17
VisualStudioVersion = 17.4.33213.308
MinimumVisualStudioVersion = 10.0.40219.1
Project("{FAE04EC0-301F-11D3-BF4B-00C04F79EFBC}") = "VortexPings", "VortexPings\VortexPings.csproj", "{8D368240-37EB-458E-9D86-CF30AC80654C}"
EndProject
Global
	GlobalSection(SolutionConfigurationPlatforms) = preSolution
		Debug|Any CPU = Debug|Any CPU
		Release|Any CPU = Release|Any CPU
	EndGlobalSection
	GlobalSection(ProjectConfigurationPlatforms) = postSolution
		{8D368240-37EB-458E-9D86-CF30AC80654C}.Debug|Any CPU.ActiveCfg = Debug|Any CPU
		{8D368240-37EB-458E-9D86-CF30AC80654C}.Debug|Any CPU.Build.0 = Debug|Any CPU
		{8D368240-37EB-458E-9D86-CF30AC80654C}.Release|Any CPU.ActiveCfg = Release|Any CPU
		{8D368240-37EB-458E-9D86-CF30AC80654C}.Release|Any CPU.Build.0 = Release|Any CPU
	EndGlobalSection
	GlobalSection(SolutionProperties) = preSolution
		HideSolutionNode = FALSE
	EndGlobalSection
	GlobalSection(ExtensibilityGlobals) = postSolution
		SolutionGuid = {D03CE5E5-3CC2-49C9-AB7E-F0EB21CEF158}
	EndGlobalSection
EndGlobal
